
Microsoft Visual Studio Solution File, Format Version 12.00
# Visual Studio 2013
VisualStudioVersion = 12.0.0.0
MinimumVisualStudioVersion = 10.0.0.1
Project("{FAE04EC0-301F-11D3-BF4B-00C04F79EFBC}") = "Zadanie-2", "Zadanie-2\Zadanie-2.csproj", "{1396D1CF-2288-415F-9A6C-B9AF10E9E47C}"
EndProject
Project("{FAE04EC0-301F-11D3-BF4B-00C04F79EFBC}") = "Zadanie-1", "Zadanie-1\Zadanie-1.csproj", "{7775C6A0-EC85-4F5B-894A-F8C5494E330F}"
EndProject
Project("{FAE04EC0-301F-11D3-BF4B-00C04F79EFBC}") = "Zadanie-3", "Zadanie-3\Zadanie-3.csproj", "{F79269D3-A56D-4E30-9179-D87B88CC168A}"
EndProject
Project("{FAE04EC0-301F-11D3-BF4B-00C04F79EFBC}") = "Zadanie-4", "Zadanie-4\Zadanie-4.csproj", "{23EA161A-3FAF-4412-9F28-4F615F7ABBC1}"
EndProject
Project("{FAE04EC0-301F-11D3-BF4B-00C04F79EFBC}") = "Zadanie-5", "Zadanie-5\Zadanie-5.csproj", "{EFC9F313-B0A1-483E-AA95-CF213BBF0997}"
EndProject
Project("{2150E333-8FDC-42A3-9474-1A3956D46DE8}") = "Kolokwium", "Kolokwium", "{8F7D2F63-9189-42BF-916E-0E3D81046C04}"
EndProject
Project("{2150E333-8FDC-42A3-9474-1A3956D46DE8}") = "Egzamin", "Egzamin", "{D7B8880C-349A-4B96-AA36-C4622318E448}"
EndProject
Project("{FAE04EC0-301F-11D3-BF4B-00C04F79EFBC}") = "Egzamin-Zadanie-1", "Egzamin-Zadanie-1\Egzamin-Zadanie-1.csproj", "{F3E2E03A-A884-433E-B471-588452A91433}"
EndProject
Project("{FAE04EC0-301F-11D3-BF4B-00C04F79EFBC}") = "Egzamin-Zadanie-3", "Egzamin-Zadanie-3\Egzamin-Zadanie-3.csproj", "{F617248C-A250-40F5-9D31-15BA96F3AF85}"
EndProject
Project("{FAE04EC0-301F-11D3-BF4B-00C04F79EFBC}") = "Egzamin-Zadanie-4", "Egzamin-Zadanie-4\Egzamin-Zadanie-4.csproj", "{EF65B13A-2B4A-4CB5-8688-BC4189EE4B8E}"
EndProject
Project("{FAE04EC0-301F-11D3-BF4B-00C04F79EFBC}") = "Egzamin-Zadanie-5", "Egzamin-Zadanie-5\Egzamin-Zadanie-5.csproj", "{9D480661-05DE-421D-9F23-66707B02A655}"
EndProject
Global
	GlobalSection(SolutionConfigurationPlatforms) = preSolution
		Debug|Any CPU = Debug|Any CPU
		Release|Any CPU = Release|Any CPU
	EndGlobalSection
	GlobalSection(ProjectConfigurationPlatforms) = postSolution
		{1396D1CF-2288-415F-9A6C-B9AF10E9E47C}.Debug|Any CPU.ActiveCfg = Debug|Any CPU
		{1396D1CF-2288-415F-9A6C-B9AF10E9E47C}.Debug|Any CPU.Build.0 = Debug|Any CPU
		{1396D1CF-2288-415F-9A6C-B9AF10E9E47C}.Release|Any CPU.ActiveCfg = Release|Any CPU
		{1396D1CF-2288-415F-9A6C-B9AF10E9E47C}.Release|Any CPU.Build.0 = Release|Any CPU
		{7775C6A0-EC85-4F5B-894A-F8C5494E330F}.Debug|Any CPU.ActiveCfg = Debug|Any CPU
		{7775C6A0-EC85-4F5B-894A-F8C5494E330F}.Debug|Any CPU.Build.0 = Debug|Any CPU
		{7775C6A0-EC85-4F5B-894A-F8C5494E330F}.Release|Any CPU.ActiveCfg = Release|Any CPU
		{7775C6A0-EC85-4F5B-894A-F8C5494E330F}.Release|Any CPU.Build.0 = Release|Any CPU
		{F79269D3-A56D-4E30-9179-D87B88CC168A}.Debug|Any CPU.ActiveCfg = Debug|Any CPU
		{F79269D3-A56D-4E30-9179-D87B88CC168A}.Debug|Any CPU.Build.0 = Debug|Any CPU
		{F79269D3-A56D-4E30-9179-D87B88CC168A}.Release|Any CPU.ActiveCfg = Release|Any CPU
		{F79269D3-A56D-4E30-9179-D87B88CC168A}.Release|Any CPU.Build.0 = Release|Any CPU
		{23EA161A-3FAF-4412-9F28-4F615F7ABBC1}.Debug|Any CPU.ActiveCfg = Debug|Any CPU
		{23EA161A-3FAF-4412-9F28-4F615F7ABBC1}.Debug|Any CPU.Build.0 = Debug|Any CPU
		{23EA161A-3FAF-4412-9F28-4F615F7ABBC1}.Release|Any CPU.ActiveCfg = Release|Any CPU
		{23EA161A-3FAF-4412-9F28-4F615F7ABBC1}.Release|Any CPU.Build.0 = Release|Any CPU
		{EFC9F313-B0A1-483E-AA95-CF213BBF0997}.Debug|Any CPU.ActiveCfg = Debug|Any CPU
		{EFC9F313-B0A1-483E-AA95-CF213BBF0997}.Debug|Any CPU.Build.0 = Debug|Any CPU
		{EFC9F313-B0A1-483E-AA95-CF213BBF0997}.Release|Any CPU.ActiveCfg = Release|Any CPU
		{EFC9F313-B0A1-483E-AA95-CF213BBF0997}.Release|Any CPU.Build.0 = Release|Any CPU
		{F3E2E03A-A884-433E-B471-588452A91433}.Debug|Any CPU.ActiveCfg = Debug|Any CPU
		{F3E2E03A-A884-433E-B471-588452A91433}.Debug|Any CPU.Build.0 = Debug|Any CPU
		{F3E2E03A-A884-433E-B471-588452A91433}.Release|Any CPU.ActiveCfg = Release|Any CPU
		{F3E2E03A-A884-433E-B471-588452A91433}.Release|Any CPU.Build.0 = Release|Any CPU
		{F617248C-A250-40F5-9D31-15BA96F3AF85}.Debug|Any CPU.ActiveCfg = Debug|Any CPU
		{F617248C-A250-40F5-9D31-15BA96F3AF85}.Debug|Any CPU.Build.0 = Debug|Any CPU
		{F617248C-A250-40F5-9D31-15BA96F3AF85}.Release|Any CPU.ActiveCfg = Release|Any CPU
		{F617248C-A250-40F5-9D31-15BA96F3AF85}.Release|Any CPU.Build.0 = Release|Any CPU
		{EF65B13A-2B4A-4CB5-8688-BC4189EE4B8E}.Debug|Any CPU.ActiveCfg = Debug|Any CPU
		{EF65B13A-2B4A-4CB5-8688-BC4189EE4B8E}.Debug|Any CPU.Build.0 = Debug|Any CPU
		{EF65B13A-2B4A-4CB5-8688-BC4189EE4B8E}.Release|Any CPU.ActiveCfg = Release|Any CPU
		{EF65B13A-2B4A-4CB5-8688-BC4189EE4B8E}.Release|Any CPU.Build.0 = Release|Any CPU
		{9D480661-05DE-421D-9F23-66707B02A655}.Debug|Any CPU.ActiveCfg = Debug|Any CPU
		{9D480661-05DE-421D-9F23-66707B02A655}.Debug|Any CPU.Build.0 = Debug|Any CPU
		{9D480661-05DE-421D-9F23-66707B02A655}.Release|Any CPU.ActiveCfg = Release|Any CPU
		{9D480661-05DE-421D-9F23-66707B02A655}.Release|Any CPU.Build.0 = Release|Any CPU
	EndGlobalSection
	GlobalSection(SolutionProperties) = preSolution
		HideSolutionNode = FALSE
	EndGlobalSection
	GlobalSection(NestedProjects) = preSolution
		{7775C6A0-EC85-4F5B-894A-F8C5494E330F} = {8F7D2F63-9189-42BF-916E-0E3D81046C04}
		{1396D1CF-2288-415F-9A6C-B9AF10E9E47C} = {8F7D2F63-9189-42BF-916E-0E3D81046C04}
		{F79269D3-A56D-4E30-9179-D87B88CC168A} = {8F7D2F63-9189-42BF-916E-0E3D81046C04}
		{23EA161A-3FAF-4412-9F28-4F615F7ABBC1} = {8F7D2F63-9189-42BF-916E-0E3D81046C04}
		{EFC9F313-B0A1-483E-AA95-CF213BBF0997} = {8F7D2F63-9189-42BF-916E-0E3D81046C04}
		{F3E2E03A-A884-433E-B471-588452A91433} = {D7B8880C-349A-4B96-AA36-C4622318E448}
		{F617248C-A250-40F5-9D31-15BA96F3AF85} = {D7B8880C-349A-4B96-AA36-C4622318E448}
		{EF65B13A-2B4A-4CB5-8688-BC4189EE4B8E} = {D7B8880C-349A-4B96-AA36-C4622318E448}
		{9D480661-05DE-421D-9F23-66707B02A655} = {D7B8880C-349A-4B96-AA36-C4622318E448}
	EndGlobalSection
EndGlobal
